
Microsoft Visual Studio Solution File, Format Version 12.00
# Visual Studio Version 16
VisualStudioVersion = 16.0.29411.108
MinimumVisualStudioVersion = 10.0.40219.1
Project("{FAE04EC0-301F-11D3-BF4B-00C04F79EFBC}") = "Facebook", "Facebook\Facebook.csproj", "{32AF6574-2C9C-4FCC-8A75-CECDB526B0AD}"
EndProject
Global
	GlobalSection(SolutionConfigurationPlatforms) = preSolution
		Debug|Any CPU = Debug|Any CPU
		Release|Any CPU = Release|Any CPU
	EndGlobalSection
	GlobalSection(ProjectConfigurationPlatforms) = postSolution
		{32AF6574-2C9C-4FCC-8A75-CECDB526B0AD}.Debug|Any CPU.ActiveCfg = Debug|Any CPU
		{32AF6574-2C9C-4FCC-8A75-CECDB526B0AD}.Debug|Any CPU.Build.0 = Debug|Any CPU
		{32AF6574-2C9C-4FCC-8A75-CECDB526B0AD}.Release|Any CPU.ActiveCfg = Release|Any CPU
		{32AF6574-2C9C-4FCC-8A75-CECDB526B0AD}.Release|Any CPU.Build.0 = Release|Any CPU
	EndGlobalSection
	GlobalSection(SolutionProperties) = preSolution
		HideSolutionNode = FALSE
	EndGlobalSection
	GlobalSection(ExtensibilityGlobals) = postSolution
		SolutionGuid = {EACAD705-3253-435F-A97A-29327E17094C}
	EndGlobalSection
EndGlobal
